
Microsoft Visual Studio Solution File, Format Version 12.00
# Visual Studio Version 17
VisualStudioVersion = 17.14.36518.9 d17.14
MinimumVisualStudioVersion = 10.0.40219.1
Project("{FAE04EC0-301F-11D3-BF4B-00C04F79EFBC}") = "MVC", "MVC\MVC.csproj", "{A6096377-D81C-4C77-94B8-034685041F47}"
EndProject
Global
	GlobalSection(SolutionConfigurationPlatforms) = preSolution
		Debug|Any CPU = Debug|Any CPU
		Release|Any CPU = Release|Any CPU
	EndGlobalSection
	GlobalSection(ProjectConfigurationPlatforms) = postSolution
		{A6096377-D81C-4C77-94B8-034685041F47}.Debug|Any CPU.ActiveCfg = Debug|Any CPU
		{A6096377-D81C-4C77-94B8-034685041F47}.Debug|Any CPU.Build.0 = Debug|Any CPU
		{A6096377-D81C-4C77-94B8-034685041F47}.Release|Any CPU.ActiveCfg = Release|Any CPU
		{A6096377-D81C-4C77-94B8-034685041F47}.Release|Any CPU.Build.0 = Release|Any CPU
	EndGlobalSection
	GlobalSection(SolutionProperties) = preSolution
		HideSolutionNode = FALSE
	EndGlobalSection
	GlobalSection(ExtensibilityGlobals) = postSolution
		SolutionGuid = {5BBB5942-0262-4643-9BD8-7F46CF64BC88}
	EndGlobalSection
EndGlobal
